
Microsoft Visual Studio Solution File, Format Version 12.00
# Visual Studio 15
Project("{FAE04EC0-301F-11D3-BF4B-00C04F79EFBC}") = "rsvp-app-API", "rsvp-app-API\rsvp-app-API.csproj", "{AB19DD4E-C3A4-44F5-8D4E-B6FB869FE7DF}"
EndProject
Global
	GlobalSection(SolutionConfigurationPlatforms) = preSolution
		Debug|Any CPU = Debug|Any CPU
		Release|Any CPU = Release|Any CPU
	EndGlobalSection
	GlobalSection(ProjectConfigurationPlatforms) = postSolution
		{AB19DD4E-C3A4-44F5-8D4E-B6FB869FE7DF}.Debug|Any CPU.ActiveCfg = Debug|Any CPU
		{AB19DD4E-C3A4-44F5-8D4E-B6FB869FE7DF}.Debug|Any CPU.Build.0 = Debug|Any CPU
		{AB19DD4E-C3A4-44F5-8D4E-B6FB869FE7DF}.Release|Any CPU.ActiveCfg = Release|Any CPU
		{AB19DD4E-C3A4-44F5-8D4E-B6FB869FE7DF}.Release|Any CPU.Build.0 = Release|Any CPU
	EndGlobalSection
EndGlobal
